
Microsoft Visual Studio Solution File, Format Version 12.00
# Visual Studio 15
VisualStudioVersion = 15.0.26730.16
MinimumVisualStudioVersion = 10.0.40219.1
Project("{FAE04EC0-301F-11D3-BF4B-00C04F79EFBC}") = "Numbers", "Numbers\Numbers.csproj", "{97B7F788-68E2-47B3-8E21-F55265073E39}"
EndProject
Global
	GlobalSection(SolutionConfigurationPlatforms) = preSolution
		Debug|Any CPU = Debug|Any CPU
		Release|Any CPU = Release|Any CPU
	EndGlobalSection
	GlobalSection(ProjectConfigurationPlatforms) = postSolution
		{97B7F788-68E2-47B3-8E21-F55265073E39}.Debug|Any CPU.ActiveCfg = Debug|Any CPU
		{97B7F788-68E2-47B3-8E21-F55265073E39}.Debug|Any CPU.Build.0 = Debug|Any CPU
		{97B7F788-68E2-47B3-8E21-F55265073E39}.Release|Any CPU.ActiveCfg = Release|Any CPU
		{97B7F788-68E2-47B3-8E21-F55265073E39}.Release|Any CPU.Build.0 = Release|Any CPU
	EndGlobalSection
	GlobalSection(SolutionProperties) = preSolution
		HideSolutionNode = FALSE
	EndGlobalSection
	GlobalSection(ExtensibilityGlobals) = postSolution
		SolutionGuid = {4D6F352D-3F83-40D2-AED1-D7C8B4E8A571}
	EndGlobalSection
EndGlobal
