
Microsoft Visual Studio Solution File, Format Version 12.00
# Visual Studio 15
VisualStudioVersion = 15.0.27004.2005
MinimumVisualStudioVersion = 10.0.40219.1
Project("{FAE04EC0-301F-11D3-BF4B-00C04F79EFBC}") = "BinaryTree", "BinaryTree\BinaryTree.csproj", "{AECBD984-118F-4AC9-911E-667E5B8DDD61}"
EndProject
Global
	GlobalSection(SolutionConfigurationPlatforms) = preSolution
		Debug|Any CPU = Debug|Any CPU
		Release|Any CPU = Release|Any CPU
	EndGlobalSection
	GlobalSection(ProjectConfigurationPlatforms) = postSolution
		{AECBD984-118F-4AC9-911E-667E5B8DDD61}.Debug|Any CPU.ActiveCfg = Debug|Any CPU
		{AECBD984-118F-4AC9-911E-667E5B8DDD61}.Debug|Any CPU.Build.0 = Debug|Any CPU
		{AECBD984-118F-4AC9-911E-667E5B8DDD61}.Release|Any CPU.ActiveCfg = Release|Any CPU
		{AECBD984-118F-4AC9-911E-667E5B8DDD61}.Release|Any CPU.Build.0 = Release|Any CPU
	EndGlobalSection
	GlobalSection(SolutionProperties) = preSolution
		HideSolutionNode = FALSE
	EndGlobalSection
	GlobalSection(ExtensibilityGlobals) = postSolution
		SolutionGuid = {EE151ABD-FE0E-4B25-B226-7B3492BF4905}
	EndGlobalSection
EndGlobal
