
Microsoft Visual Studio Solution File, Format Version 12.00
# Visual Studio 15
VisualStudioVersion = 15.0.26730.16
MinimumVisualStudioVersion = 10.0.40219.1
Project("{FAE04EC0-301F-11D3-BF4B-00C04F79EFBC}") = "Lab1_GUI", "Lab1_GUI\Lab1_GUI.csproj", "{9860E584-6D90-4214-AC39-2D502797A28F}"
EndProject
Global
	GlobalSection(SolutionConfigurationPlatforms) = preSolution
		Debug|Any CPU = Debug|Any CPU
		Release|Any CPU = Release|Any CPU
	EndGlobalSection
	GlobalSection(ProjectConfigurationPlatforms) = postSolution
		{9860E584-6D90-4214-AC39-2D502797A28F}.Debug|Any CPU.ActiveCfg = Debug|Any CPU
		{9860E584-6D90-4214-AC39-2D502797A28F}.Debug|Any CPU.Build.0 = Debug|Any CPU
		{9860E584-6D90-4214-AC39-2D502797A28F}.Release|Any CPU.ActiveCfg = Release|Any CPU
		{9860E584-6D90-4214-AC39-2D502797A28F}.Release|Any CPU.Build.0 = Release|Any CPU
	EndGlobalSection
	GlobalSection(SolutionProperties) = preSolution
		HideSolutionNode = FALSE
	EndGlobalSection
	GlobalSection(ExtensibilityGlobals) = postSolution
		SolutionGuid = {12E12784-F053-4B19-8BD0-A15FD7CE24FD}
	EndGlobalSection
EndGlobal
