
Microsoft Visual Studio Solution File, Format Version 12.00
# Visual Studio 15
VisualStudioVersion = 15.0.27004.2005
MinimumVisualStudioVersion = 10.0.40219.1
Project("{FAE04EC0-301F-11D3-BF4B-00C04F79EFBC}") = "BasicCollection", "BasicCollection\BasicCollection.csproj", "{DB9E6A8A-53A9-4D7E-8665-CD3DFD832218}"
EndProject
Global
	GlobalSection(SolutionConfigurationPlatforms) = preSolution
		Debug|Any CPU = Debug|Any CPU
		Release|Any CPU = Release|Any CPU
	EndGlobalSection
	GlobalSection(ProjectConfigurationPlatforms) = postSolution
		{DB9E6A8A-53A9-4D7E-8665-CD3DFD832218}.Debug|Any CPU.ActiveCfg = Debug|Any CPU
		{DB9E6A8A-53A9-4D7E-8665-CD3DFD832218}.Debug|Any CPU.Build.0 = Debug|Any CPU
		{DB9E6A8A-53A9-4D7E-8665-CD3DFD832218}.Release|Any CPU.ActiveCfg = Release|Any CPU
		{DB9E6A8A-53A9-4D7E-8665-CD3DFD832218}.Release|Any CPU.Build.0 = Release|Any CPU
	EndGlobalSection
	GlobalSection(SolutionProperties) = preSolution
		HideSolutionNode = FALSE
	EndGlobalSection
	GlobalSection(ExtensibilityGlobals) = postSolution
		SolutionGuid = {CEAAC94C-1084-4FE7-8E69-4221A15FA930}
	EndGlobalSection
EndGlobal
