
Microsoft Visual Studio Solution File, Format Version 12.00
# Visual Studio 15
VisualStudioVersion = 15.0.26730.16
MinimumVisualStudioVersion = 10.0.40219.1
Project("{FAE04EC0-301F-11D3-BF4B-00C04F79EFBC}") = "FizzBuzzTest", "FizzBuzzTest\FizzBuzzTest.csproj", "{2D99C855-079D-41A6-B1C6-DAB1DB2C8DCA}"
EndProject
Global
	GlobalSection(SolutionConfigurationPlatforms) = preSolution
		Debug|Any CPU = Debug|Any CPU
		Release|Any CPU = Release|Any CPU
	EndGlobalSection
	GlobalSection(ProjectConfigurationPlatforms) = postSolution
		{2D99C855-079D-41A6-B1C6-DAB1DB2C8DCA}.Debug|Any CPU.ActiveCfg = Debug|Any CPU
		{2D99C855-079D-41A6-B1C6-DAB1DB2C8DCA}.Debug|Any CPU.Build.0 = Debug|Any CPU
		{2D99C855-079D-41A6-B1C6-DAB1DB2C8DCA}.Release|Any CPU.ActiveCfg = Release|Any CPU
		{2D99C855-079D-41A6-B1C6-DAB1DB2C8DCA}.Release|Any CPU.Build.0 = Release|Any CPU
	EndGlobalSection
	GlobalSection(SolutionProperties) = preSolution
		HideSolutionNode = FALSE
	EndGlobalSection
	GlobalSection(ExtensibilityGlobals) = postSolution
		SolutionGuid = {A991F95E-9C44-4B6C-9D7B-CB64C2731FF1}
	EndGlobalSection
EndGlobal
