
Microsoft Visual Studio Solution File, Format Version 12.00
# Visual Studio 15
VisualStudioVersion = 15.0.27130.2026
MinimumVisualStudioVersion = 10.0.40219.1
Project("{8BC9CEB8-8B4A-11D0-8D11-00A0C91BC942}") = "ForLoop", "ForLoop\ForLoop.vcxproj", "{A8AC148F-E7D0-4A4A-BC63-CC95D595DA9E}"
EndProject
Global
	GlobalSection(SolutionConfigurationPlatforms) = preSolution
		Debug|x64 = Debug|x64
		Debug|x86 = Debug|x86
		Release|x64 = Release|x64
		Release|x86 = Release|x86
	EndGlobalSection
	GlobalSection(ProjectConfigurationPlatforms) = postSolution
		{A8AC148F-E7D0-4A4A-BC63-CC95D595DA9E}.Debug|x64.ActiveCfg = Debug|x64
		{A8AC148F-E7D0-4A4A-BC63-CC95D595DA9E}.Debug|x64.Build.0 = Debug|x64
		{A8AC148F-E7D0-4A4A-BC63-CC95D595DA9E}.Debug|x86.ActiveCfg = Debug|Win32
		{A8AC148F-E7D0-4A4A-BC63-CC95D595DA9E}.Debug|x86.Build.0 = Debug|Win32
		{A8AC148F-E7D0-4A4A-BC63-CC95D595DA9E}.Release|x64.ActiveCfg = Release|x64
		{A8AC148F-E7D0-4A4A-BC63-CC95D595DA9E}.Release|x64.Build.0 = Release|x64
		{A8AC148F-E7D0-4A4A-BC63-CC95D595DA9E}.Release|x86.ActiveCfg = Release|Win32
		{A8AC148F-E7D0-4A4A-BC63-CC95D595DA9E}.Release|x86.Build.0 = Release|Win32
	EndGlobalSection
	GlobalSection(SolutionProperties) = preSolution
		HideSolutionNode = FALSE
	EndGlobalSection
	GlobalSection(ExtensibilityGlobals) = postSolution
		SolutionGuid = {B624DD4F-87C3-4000-8A11-544B9E54D420}
	EndGlobalSection
EndGlobal
