
Microsoft Visual Studio Solution File, Format Version 12.00
# Visual Studio 15
VisualStudioVersion = 15.0.27004.2005
MinimumVisualStudioVersion = 10.0.40219.1
Project("{FAE04EC0-301F-11D3-BF4B-00C04F79EFBC}") = "recursion", "recursion\recursion.csproj", "{FCFB37FC-2D9E-4EED-8D5A-9F8E76B3057F}"
EndProject
Global
	GlobalSection(SolutionConfigurationPlatforms) = preSolution
		Debug|Any CPU = Debug|Any CPU
		Release|Any CPU = Release|Any CPU
	EndGlobalSection
	GlobalSection(ProjectConfigurationPlatforms) = postSolution
		{FCFB37FC-2D9E-4EED-8D5A-9F8E76B3057F}.Debug|Any CPU.ActiveCfg = Debug|Any CPU
		{FCFB37FC-2D9E-4EED-8D5A-9F8E76B3057F}.Debug|Any CPU.Build.0 = Debug|Any CPU
		{FCFB37FC-2D9E-4EED-8D5A-9F8E76B3057F}.Release|Any CPU.ActiveCfg = Release|Any CPU
		{FCFB37FC-2D9E-4EED-8D5A-9F8E76B3057F}.Release|Any CPU.Build.0 = Release|Any CPU
	EndGlobalSection
	GlobalSection(SolutionProperties) = preSolution
		HideSolutionNode = FALSE
	EndGlobalSection
	GlobalSection(ExtensibilityGlobals) = postSolution
		SolutionGuid = {BCB61801-143B-4CC4-A8A6-4DCF0EE491B3}
	EndGlobalSection
EndGlobal
